
Microsoft Visual Studio Solution File, Format Version 12.00
# Visual Studio 15
VisualStudioVersion = 15.0.28307.1022
MinimumVisualStudioVersion = 10.0.40219.1
Project("{FAE04EC0-301F-11D3-BF4B-00C04F79EFBC}") = "FriendsOrganizer.UI", "FrienddOrganizer.UI\FriendsOrganizer.UI.csproj", "{37C360DE-2F31-41FA-BF39-68A30A07D728}"
EndProject
Project("{FAE04EC0-301F-11D3-BF4B-00C04F79EFBC}") = "FriendsOrganizer.Modles", "FriendsOrganizer.Modles\FriendsOrganizer.Modles.csproj", "{358BE11A-5B6A-4584-9883-68DFF42527A9}"
EndProject
Project("{FAE04EC0-301F-11D3-BF4B-00C04F79EFBC}") = "FriendsOrganizer.DataAccess", "FriendsOrganizer.DataAccess\FriendsOrganizer.DataAccess.csproj", "{A034246D-5617-400D-B97C-4882D74F4CCF}"
EndProject
Global
	GlobalSection(SolutionConfigurationPlatforms) = preSolution
		Debug|Any CPU = Debug|Any CPU
		Release|Any CPU = Release|Any CPU
	EndGlobalSection
	GlobalSection(ProjectConfigurationPlatforms) = postSolution
		{37C360DE-2F31-41FA-BF39-68A30A07D728}.Debug|Any CPU.ActiveCfg = Debug|Any CPU
		{37C360DE-2F31-41FA-BF39-68A30A07D728}.Debug|Any CPU.Build.0 = Debug|Any CPU
		{37C360DE-2F31-41FA-BF39-68A30A07D728}.Release|Any CPU.ActiveCfg = Release|Any CPU
		{37C360DE-2F31-41FA-BF39-68A30A07D728}.Release|Any CPU.Build.0 = Release|Any CPU
		{358BE11A-5B6A-4584-9883-68DFF42527A9}.Debug|Any CPU.ActiveCfg = Debug|Any CPU
		{358BE11A-5B6A-4584-9883-68DFF42527A9}.Debug|Any CPU.Build.0 = Debug|Any CPU
		{358BE11A-5B6A-4584-9883-68DFF42527A9}.Release|Any CPU.ActiveCfg = Release|Any CPU
		{358BE11A-5B6A-4584-9883-68DFF42527A9}.Release|Any CPU.Build.0 = Release|Any CPU
		{A034246D-5617-400D-B97C-4882D74F4CCF}.Debug|Any CPU.ActiveCfg = Debug|Any CPU
		{A034246D-5617-400D-B97C-4882D74F4CCF}.Debug|Any CPU.Build.0 = Debug|Any CPU
		{A034246D-5617-400D-B97C-4882D74F4CCF}.Release|Any CPU.ActiveCfg = Release|Any CPU
		{A034246D-5617-400D-B97C-4882D74F4CCF}.Release|Any CPU.Build.0 = Release|Any CPU
	EndGlobalSection
	GlobalSection(SolutionProperties) = preSolution
		HideSolutionNode = FALSE
	EndGlobalSection
	GlobalSection(ExtensibilityGlobals) = postSolution
		SolutionGuid = {DE77CE1F-5586-4176-9573-002393B5F505}
	EndGlobalSection
EndGlobal
